
Microsoft Visual Studio Solution File, Format Version 12.00
# Visual Studio Version 17
VisualStudioVersion = 17.7.34202.233
MinimumVisualStudioVersion = 10.0.40219.1
Project("{9A19103F-16F7-4668-BE54-9A1E7A4F7556}") = "techchallenge-microservico-producao", "techchallenge-microservico-producao\techchallenge-microservico-producao.csproj", "{0BA8B458-F43F-41D3-A7DC-7BEEE081C18B}"
EndProject
Project("{2150E333-8FDC-42A3-9474-1A3956D46DE8}") = "Tests", "Tests", "{259E23CA-77CF-42FF-B39D-7F62050BF49C}"
EndProject
Project("{FAE04EC0-301F-11D3-BF4B-00C04F79EFBC}") = "techchallenge-microservico-producao-tests", "techchallenge-microservico-producao-tests\techchallenge-microservico-producao-tests.csproj", "{A90ECA4B-EC59-436F-A31C-39A8B5DBA5F0}"
EndProject
Global
	GlobalSection(SolutionConfigurationPlatforms) = preSolution
		Debug|Any CPU = Debug|Any CPU
		Release|Any CPU = Release|Any CPU
	EndGlobalSection
	GlobalSection(ProjectConfigurationPlatforms) = postSolution
		{0BA8B458-F43F-41D3-A7DC-7BEEE081C18B}.Debug|Any CPU.ActiveCfg = Debug|Any CPU
		{0BA8B458-F43F-41D3-A7DC-7BEEE081C18B}.Debug|Any CPU.Build.0 = Debug|Any CPU
		{0BA8B458-F43F-41D3-A7DC-7BEEE081C18B}.Release|Any CPU.ActiveCfg = Release|Any CPU
		{0BA8B458-F43F-41D3-A7DC-7BEEE081C18B}.Release|Any CPU.Build.0 = Release|Any CPU
		{A90ECA4B-EC59-436F-A31C-39A8B5DBA5F0}.Debug|Any CPU.ActiveCfg = Debug|Any CPU
		{A90ECA4B-EC59-436F-A31C-39A8B5DBA5F0}.Debug|Any CPU.Build.0 = Debug|Any CPU
		{A90ECA4B-EC59-436F-A31C-39A8B5DBA5F0}.Release|Any CPU.ActiveCfg = Release|Any CPU
		{A90ECA4B-EC59-436F-A31C-39A8B5DBA5F0}.Release|Any CPU.Build.0 = Release|Any CPU
	EndGlobalSection
	GlobalSection(SolutionProperties) = preSolution
		HideSolutionNode = FALSE
	EndGlobalSection
	GlobalSection(NestedProjects) = preSolution
		{A90ECA4B-EC59-436F-A31C-39A8B5DBA5F0} = {259E23CA-77CF-42FF-B39D-7F62050BF49C}
	EndGlobalSection
	GlobalSection(ExtensibilityGlobals) = postSolution
		SolutionGuid = {613D9979-54B4-4BBC-8EE9-FCF7B79821E2}
	EndGlobalSection
EndGlobal
