
Microsoft Visual Studio Solution File, Format Version 12.00
# Visual Studio Version 17
VisualStudioVersion = 17.7.34202.233
MinimumVisualStudioVersion = 10.0.40219.1
Project("{9A19103F-16F7-4668-BE54-9A1E7A4F7556}") = "techchallenge-microservico-producao", "techchallenge-microservico-producao\techchallenge-microservico-producao.csproj", "{0BA8B458-F43F-41D3-A7DC-7BEEE081C18B}"
EndProject
Project("{2150E333-8FDC-42A3-9474-1A3956D46DE8}") = "Tests", "Tests", "{259E23CA-77CF-42FF-B39D-7F62050BF49C}"
EndProject
Project("{9A19103F-16F7-4668-BE54-9A1E7A4F7556}") = "techchallenge-microservico-producao-tests", "techchallenge-microservico-producao-tests\techchallenge-microservico-producao-tests.csproj", "{A90ECA4B-EC59-436F-A31C-39A8B5DBA5F0}"
EndProject
Project("{9A19103F-16F7-4668-BE54-9A1E7A4F7556}") = "Domain", "Domain\Domain.csproj", "{0B50D142-3A47-4410-BB69-A52EFAC19552}"
EndProject
Project("{9A19103F-16F7-4668-BE54-9A1E7A4F7556}") = "Application", "Application\Application.csproj", "{9E857876-3580-47E3-84EA-86F107875D4B}"
EndProject
Project("{2150E333-8FDC-42A3-9474-1A3956D46DE8}") = "Core", "Core", "{4D19D6EA-4420-420C-BDDA-92B51BFD8A14}"
EndProject
Project("{2150E333-8FDC-42A3-9474-1A3956D46DE8}") = "Adapter", "Adapter", "{6A9F326E-AA18-45DF-865F-E5A8B6955DF1}"
EndProject
Project("{2150E333-8FDC-42A3-9474-1A3956D46DE8}") = "Driven", "Driven", "{179D08A6-437D-4A6B-84B6-A92011EA8964}"
EndProject
Project("{2150E333-8FDC-42A3-9474-1A3956D46DE8}") = "Driver", "Driver", "{CF467268-5F67-40BE-814B-DE6FF335BCEB}"
EndProject
Project("{9A19103F-16F7-4668-BE54-9A1E7A4F7556}") = "Infra", "Infra\Infra.csproj", "{8DEAD1C3-9FE5-4F0D-8B34-33185A621D97}"
EndProject
Project("{9A19103F-16F7-4668-BE54-9A1E7A4F7556}") = "SpecFlowBDDTests", "SpecFlowBDDTests\SpecFlowBDDTests.csproj", "{1466010C-8F70-4A3B-8168-CA44D34D5755}"
EndProject
Project("{E53339B2-1760-4266-BCC7-CA923CBCF16C}") = "docker-compose", "docker-compose.dcproj", "{478D2440-A44D-4862-AD3F-910B173332FE}"
EndProject
Global
	GlobalSection(SolutionConfigurationPlatforms) = preSolution
		Debug|Any CPU = Debug|Any CPU
		Release|Any CPU = Release|Any CPU
	EndGlobalSection
	GlobalSection(ProjectConfigurationPlatforms) = postSolution
		{0BA8B458-F43F-41D3-A7DC-7BEEE081C18B}.Debug|Any CPU.ActiveCfg = Debug|Any CPU
		{0BA8B458-F43F-41D3-A7DC-7BEEE081C18B}.Debug|Any CPU.Build.0 = Debug|Any CPU
		{0BA8B458-F43F-41D3-A7DC-7BEEE081C18B}.Release|Any CPU.ActiveCfg = Release|Any CPU
		{0BA8B458-F43F-41D3-A7DC-7BEEE081C18B}.Release|Any CPU.Build.0 = Release|Any CPU
		{A90ECA4B-EC59-436F-A31C-39A8B5DBA5F0}.Debug|Any CPU.ActiveCfg = Debug|Any CPU
		{A90ECA4B-EC59-436F-A31C-39A8B5DBA5F0}.Debug|Any CPU.Build.0 = Debug|Any CPU
		{A90ECA4B-EC59-436F-A31C-39A8B5DBA5F0}.Release|Any CPU.ActiveCfg = Release|Any CPU
		{A90ECA4B-EC59-436F-A31C-39A8B5DBA5F0}.Release|Any CPU.Build.0 = Release|Any CPU
		{0B50D142-3A47-4410-BB69-A52EFAC19552}.Debug|Any CPU.ActiveCfg = Debug|Any CPU
		{0B50D142-3A47-4410-BB69-A52EFAC19552}.Debug|Any CPU.Build.0 = Debug|Any CPU
		{0B50D142-3A47-4410-BB69-A52EFAC19552}.Release|Any CPU.ActiveCfg = Release|Any CPU
		{0B50D142-3A47-4410-BB69-A52EFAC19552}.Release|Any CPU.Build.0 = Release|Any CPU
		{9E857876-3580-47E3-84EA-86F107875D4B}.Debug|Any CPU.ActiveCfg = Debug|Any CPU
		{9E857876-3580-47E3-84EA-86F107875D4B}.Debug|Any CPU.Build.0 = Debug|Any CPU
		{9E857876-3580-47E3-84EA-86F107875D4B}.Release|Any CPU.ActiveCfg = Release|Any CPU
		{9E857876-3580-47E3-84EA-86F107875D4B}.Release|Any CPU.Build.0 = Release|Any CPU
		{8DEAD1C3-9FE5-4F0D-8B34-33185A621D97}.Debug|Any CPU.ActiveCfg = Debug|Any CPU
		{8DEAD1C3-9FE5-4F0D-8B34-33185A621D97}.Debug|Any CPU.Build.0 = Debug|Any CPU
		{8DEAD1C3-9FE5-4F0D-8B34-33185A621D97}.Release|Any CPU.ActiveCfg = Release|Any CPU
		{8DEAD1C3-9FE5-4F0D-8B34-33185A621D97}.Release|Any CPU.Build.0 = Release|Any CPU
		{1466010C-8F70-4A3B-8168-CA44D34D5755}.Debug|Any CPU.ActiveCfg = Debug|Any CPU
		{1466010C-8F70-4A3B-8168-CA44D34D5755}.Debug|Any CPU.Build.0 = Debug|Any CPU
		{1466010C-8F70-4A3B-8168-CA44D34D5755}.Release|Any CPU.ActiveCfg = Release|Any CPU
		{1466010C-8F70-4A3B-8168-CA44D34D5755}.Release|Any CPU.Build.0 = Release|Any CPU
		{478D2440-A44D-4862-AD3F-910B173332FE}.Debug|Any CPU.ActiveCfg = Debug|Any CPU
		{478D2440-A44D-4862-AD3F-910B173332FE}.Debug|Any CPU.Build.0 = Debug|Any CPU
		{478D2440-A44D-4862-AD3F-910B173332FE}.Release|Any CPU.ActiveCfg = Release|Any CPU
		{478D2440-A44D-4862-AD3F-910B173332FE}.Release|Any CPU.Build.0 = Release|Any CPU
	EndGlobalSection
	GlobalSection(SolutionProperties) = preSolution
		HideSolutionNode = FALSE
	EndGlobalSection
	GlobalSection(NestedProjects) = preSolution
		{0BA8B458-F43F-41D3-A7DC-7BEEE081C18B} = {CF467268-5F67-40BE-814B-DE6FF335BCEB}
		{A90ECA4B-EC59-436F-A31C-39A8B5DBA5F0} = {259E23CA-77CF-42FF-B39D-7F62050BF49C}
		{0B50D142-3A47-4410-BB69-A52EFAC19552} = {4D19D6EA-4420-420C-BDDA-92B51BFD8A14}
		{9E857876-3580-47E3-84EA-86F107875D4B} = {4D19D6EA-4420-420C-BDDA-92B51BFD8A14}
		{179D08A6-437D-4A6B-84B6-A92011EA8964} = {6A9F326E-AA18-45DF-865F-E5A8B6955DF1}
		{CF467268-5F67-40BE-814B-DE6FF335BCEB} = {6A9F326E-AA18-45DF-865F-E5A8B6955DF1}
		{8DEAD1C3-9FE5-4F0D-8B34-33185A621D97} = {179D08A6-437D-4A6B-84B6-A92011EA8964}
		{1466010C-8F70-4A3B-8168-CA44D34D5755} = {259E23CA-77CF-42FF-B39D-7F62050BF49C}
	EndGlobalSection
	GlobalSection(ExtensibilityGlobals) = postSolution
		SolutionGuid = {613D9979-54B4-4BBC-8EE9-FCF7B79821E2}
	EndGlobalSection
EndGlobal
